{
  "version": "5",
  "specifiers": {
    "jsr:@std/assert@*": "1.0.16",
    "jsr:@std/assert@1.0.16": "1.0.16",
    "jsr:@std/internal@^1.0.12": "1.0.12",
    "npm:iron-session@8.0.4": "8.0.4"
  },
  "jsr": {
    "@std/assert@1.0.16": {
      "integrity": "6a7272ed1eaa77defe76e5ff63ca705d9c495077e2d5fd0126d2b53fc5bd6532",
      "dependencies": [
        "jsr:@std/internal"
      ]
    },
    "@std/internal@1.0.12": {
      "integrity": "972a634fd5bc34b242024402972cd5143eac68d8dffaca5eaa4dba30ce17b027"
    }
  },
  "npm": {
    "cookie@0.7.2": {
      "integrity": "sha512-yki5XnKuf750l50uGTllt6kKILY4nQ1eNIQatoXEByZ5dWgnKqbnqmTrBE5B4N7lrMJKQ2ytWMiTO2o0v6Ew/w=="
    },
    "iron-session@8.0.4": {
      "integrity": "sha512-9ivNnaKOd08osD0lJ3i6If23GFS2LsxyMU8Gf/uBUEgm8/8CC1hrrCHFDpMo3IFbpBgwoo/eairRsaD3c5itxA==",
      "dependencies": [
        "cookie",
        "iron-webcrypto",
        "uncrypto"
      ]
    },
    "iron-webcrypto@1.2.1": {
      "integrity": "sha512-feOM6FaSr6rEABp/eDfVseKyTMDt+KGpeB35SkVn9Tyn0CqvVsY3EwI0v5i8nMHyJnzCIQf7nsy3p41TPkJZhg=="
    },
    "uncrypto@0.1.3": {
      "integrity": "sha512-Ql87qFHB3s/De2ClA9e0gsnS6zXG27SkTiSJwjCc9MebbfapQfuPzumMIUMi38ezPZVNFcHI9sUIepeQfw8J8Q=="
    }
  },
  "workspace": {
    "dependencies": [
      "jsr:@std/assert@1.0.16",
      "npm:iron-session@8.0.4"
    ]
  }
}
